// !$*UTF8*$!
{
	archiveVersion = 1;
	classes = {
	};
	objectVersion = 46;
	objects = {

/* Begin PBXBuildFile section */
		046F22031EFE48F7002756F3 /* MainViewController.swift in Sources */ = {isa = PBXBuildFile; fileRef = 046F22021EFE48F7002756F3 /* MainViewController.swift */; };
		0FA23C68FC5605395C4689CA /* Pods_RentBi.framework in Frameworks */ = {isa = PBXBuildFile; fileRef = B7EEBB96F88E9083604580B7 /* Pods_RentBi.framework */; };
		49212F131EFEE388005CD43B /* Shop.swift in Sources */ = {isa = PBXBuildFile; fileRef = 49212F121EFEE388005CD43B /* Shop.swift */; };
		49212F151EFEE48C005CD43B /* API.swift in Sources */ = {isa = PBXBuildFile; fileRef = 49212F141EFEE48C005CD43B /* API.swift */; };
		492AFD881EFF2B0D001C0920 /* CustomMarker.swift in Sources */ = {isa = PBXBuildFile; fileRef = 492AFD871EFF2B0D001C0920 /* CustomMarker.swift */; };
		492AFD8A1EFF35C6001C0920 /* Assets.xcassets in Resources */ = {isa = PBXBuildFile; fileRef = 492AFD891EFF35C6001C0920 /* Assets.xcassets */; };
		49AC1AF01EFE8056006BE90A /* FakeViewController.swift in Sources */ = {isa = PBXBuildFile; fileRef = 49AC1AEF1EFE8056006BE90A /* FakeViewController.swift */; };
		49AC1AF21EFE8119006BE90A /* DrawerNavigatorViewController.swift in Sources */ = {isa = PBXBuildFile; fileRef = 49AC1AF11EFE8119006BE90A /* DrawerNavigatorViewController.swift */; };
		49AC1AF41EFE857A006BE90A /* SidebarViewController.swift in Sources */ = {isa = PBXBuildFile; fileRef = 49AC1AF31EFE857A006BE90A /* SidebarViewController.swift */; };
		49ADBE5D1EFECE4600CEBDB1 /* InfoDrawerViewController.swift in Sources */ = {isa = PBXBuildFile; fileRef = 49ADBE5C1EFECE4600CEBDB1 /* InfoDrawerViewController.swift */; };
		49ADBE611EFED40600CEBDB1 /* MainPulleyViewController.swift in Sources */ = {isa = PBXBuildFile; fileRef = 49ADBE601EFED40600CEBDB1 /* MainPulleyViewController.swift */; };
		7FA976DE1EFE44CB00DF2778 /* AppDelegate.swift in Sources */ = {isa = PBXBuildFile; fileRef = 7FA976DD1EFE44CB00DF2778 /* AppDelegate.swift */; };
		7FA976E31EFE44CC00DF2778 /* Main.storyboard in Resources */ = {isa = PBXBuildFile; fileRef = 7FA976E11EFE44CC00DF2778 /* Main.storyboard */; };
		7FA976E81EFE44CC00DF2778 /* LaunchScreen.storyboard in Resources */ = {isa = PBXBuildFile; fileRef = 7FA976E61EFE44CC00DF2778 /* LaunchScreen.storyboard */; };
		7FA976F31EFE44CC00DF2778 /* RentBiTests.swift in Sources */ = {isa = PBXBuildFile; fileRef = 7FA976F21EFE44CC00DF2778 /* RentBiTests.swift */; };
		7FA976FE1EFE44CC00DF2778 /* RentBiUITests.swift in Sources */ = {isa = PBXBuildFile; fileRef = 7FA976FD1EFE44CC00DF2778 /* RentBiUITests.swift */; };
		FAFDEA708FDC115AD105A481 /* Pods_RentBiUITests.framework in Frameworks */ = {isa = PBXBuildFile; fileRef = 269CDF99381D5757C1169FEF /* Pods_RentBiUITests.framework */; };
		FCCA67EB6E737B8A15C6DB8D /* Pods_RentBiTests.framework in Frameworks */ = {isa = PBXBuildFile; fileRef = 383794919B47CFC905794041 /* Pods_RentBiTests.framework */; };
/* End PBXBuildFile section */

/* Begin PBXContainerItemProxy section */
		7FA976EF1EFE44CC00DF2778 /* PBXContainerItemProxy */ = {
			isa = PBXContainerItemProxy;
			containerPortal = 7FA976D21EFE44CB00DF2778 /* Project object */;
			proxyType = 1;
			remoteGlobalIDString = 7FA976D91EFE44CB00DF2778;
			remoteInfo = RentBi;
		};
		7FA976FA1EFE44CC00DF2778 /* PBXContainerItemProxy */ = {
			isa = PBXContainerItemProxy;
			containerPortal = 7FA976D21EFE44CB00DF2778 /* Project object */;
			proxyType = 1;
			remoteGlobalIDString = 7FA976D91EFE44CB00DF2778;
			remoteInfo = RentBi;
		};
/* End PBXContainerItemProxy section */

/* Begin PBXFileReference section */
		046F22021EFE48F7002756F3 /* MainViewController.swift */ = {isa = PBXFileReference; fileEncoding = 4; lastKnownFileType = sourcecode.swift; name = MainViewController.swift; path = ViewController/MainViewController.swift; sourceTree = "<group>"; };
		0D6D7A768F484AC53CDCD861 /* Pods-RentBi.release.xcconfig */ = {isa = PBXFileReference; includeInIndex = 1; lastKnownFileType = text.xcconfig; name = "Pods-RentBi.release.xcconfig"; path = "Pods/Target Support Files/Pods-RentBi/Pods-RentBi.release.xcconfig"; sourceTree = "<group>"; };
		14B1A40120C26A2F29492E57 /* Pods-RentBiTests.release.xcconfig */ = {isa = PBXFileReference; includeInIndex = 1; lastKnownFileType = text.xcconfig; name = "Pods-RentBiTests.release.xcconfig"; path = "Pods/Target Support Files/Pods-RentBiTests/Pods-RentBiTests.release.xcconfig"; sourceTree = "<group>"; };
		1BD6F361353B906B24C33363 /* Pods-RentBiUITests.debug.xcconfig */ = {isa = PBXFileReference; includeInIndex = 1; lastKnownFileType = text.xcconfig; name = "Pods-RentBiUITests.debug.xcconfig"; path = "Pods/Target Support Files/Pods-RentBiUITests/Pods-RentBiUITests.debug.xcconfig"; sourceTree = "<group>"; };
		269CDF99381D5757C1169FEF /* Pods_RentBiUITests.framework */ = {isa = PBXFileReference; explicitFileType = wrapper.framework; includeInIndex = 0; path = Pods_RentBiUITests.framework; sourceTree = BUILT_PRODUCTS_DIR; };
		30E2C008559C209B86387E59 /* Pods-RentBiUITests.release.xcconfig */ = {isa = PBXFileReference; includeInIndex = 1; lastKnownFileType = text.xcconfig; name = "Pods-RentBiUITests.release.xcconfig"; path = "Pods/Target Support Files/Pods-RentBiUITests/Pods-RentBiUITests.release.xcconfig"; sourceTree = "<group>"; };
		383794919B47CFC905794041 /* Pods_RentBiTests.framework */ = {isa = PBXFileReference; explicitFileType = wrapper.framework; includeInIndex = 0; path = Pods_RentBiTests.framework; sourceTree = BUILT_PRODUCTS_DIR; };
		49212F121EFEE388005CD43B /* Shop.swift */ = {isa = PBXFileReference; fileEncoding = 4; lastKnownFileType = sourcecode.swift; path = Shop.swift; sourceTree = "<group>"; };
		49212F141EFEE48C005CD43B /* API.swift */ = {isa = PBXFileReference; fileEncoding = 4; lastKnownFileType = sourcecode.swift; path = API.swift; sourceTree = "<group>"; };
		492AFD871EFF2B0D001C0920 /* CustomMarker.swift */ = {isa = PBXFileReference; fileEncoding = 4; lastKnownFileType = sourcecode.swift; path = CustomMarker.swift; sourceTree = "<group>"; };
		492AFD891EFF35C6001C0920 /* Assets.xcassets */ = {isa = PBXFileReference; lastKnownFileType = folder.assetcatalog; path = Assets.xcassets; sourceTree = "<group>"; };
		49AC1AEF1EFE8056006BE90A /* FakeViewController.swift */ = {isa = PBXFileReference; fileEncoding = 4; lastKnownFileType = sourcecode.swift; path = FakeViewController.swift; sourceTree = "<group>"; };
		49AC1AF11EFE8119006BE90A /* DrawerNavigatorViewController.swift */ = {isa = PBXFileReference; fileEncoding = 4; lastKnownFileType = sourcecode.swift; path = DrawerNavigatorViewController.swift; sourceTree = "<group>"; };
		49AC1AF31EFE857A006BE90A /* SidebarViewController.swift */ = {isa = PBXFileReference; fileEncoding = 4; lastKnownFileType = sourcecode.swift; path = SidebarViewController.swift; sourceTree = "<group>"; };
		49ADBE5C1EFECE4600CEBDB1 /* InfoDrawerViewController.swift */ = {isa = PBXFileReference; fileEncoding = 4; lastKnownFileType = sourcecode.swift; path = InfoDrawerViewController.swift; sourceTree = "<group>"; };
		49ADBE601EFED40600CEBDB1 /* MainPulleyViewController.swift */ = {isa = PBXFileReference; fileEncoding = 4; lastKnownFileType = sourcecode.swift; path = MainPulleyViewController.swift; sourceTree = "<group>"; };
		7FA976DA1EFE44CB00DF2778 /* RentBi.app */ = {isa = PBXFileReference; explicitFileType = wrapper.application; includeInIndex = 0; path = RentBi.app; sourceTree = BUILT_PRODUCTS_DIR; };
		7FA976DD1EFE44CB00DF2778 /* AppDelegate.swift */ = {isa = PBXFileReference; lastKnownFileType = sourcecode.swift; path = AppDelegate.swift; sourceTree = "<group>"; };
		7FA976E21EFE44CC00DF2778 /* Base */ = {isa = PBXFileReference; lastKnownFileType = file.storyboard; name = Base; path = Base.lproj/Main.storyboard; sourceTree = "<group>"; };
		7FA976E71EFE44CC00DF2778 /* Base */ = {isa = PBXFileReference; lastKnownFileType = file.storyboard; name = Base; path = Base.lproj/LaunchScreen.storyboard; sourceTree = "<group>"; };
		7FA976E91EFE44CC00DF2778 /* Info.plist */ = {isa = PBXFileReference; lastKnownFileType = text.plist.xml; path = Info.plist; sourceTree = "<group>"; };
		7FA976EE1EFE44CC00DF2778 /* RentBiTests.xctest */ = {isa = PBXFileReference; explicitFileType = wrapper.cfbundle; includeInIndex = 0; path = RentBiTests.xctest; sourceTree = BUILT_PRODUCTS_DIR; };
		7FA976F21EFE44CC00DF2778 /* RentBiTests.swift */ = {isa = PBXFileReference; lastKnownFileType = sourcecode.swift; path = RentBiTests.swift; sourceTree = "<group>"; };
		7FA976F41EFE44CC00DF2778 /* Info.plist */ = {isa = PBXFileReference; lastKnownFileType = text.plist.xml; path = Info.plist; sourceTree = "<group>"; };
		7FA976F91EFE44CC00DF2778 /* RentBiUITests.xctest */ = {isa = PBXFileReference; explicitFileType = wrapper.cfbundle; includeInIndex = 0; path = RentBiUITests.xctest; sourceTree = BUILT_PRODUCTS_DIR; };
		7FA976FD1EFE44CC00DF2778 /* RentBiUITests.swift */ = {isa = PBXFileReference; lastKnownFileType = sourcecode.swift; path = RentBiUITests.swift; sourceTree = "<group>"; };
		7FA976FF1EFE44CC00DF2778 /* Info.plist */ = {isa = PBXFileReference; lastKnownFileType = text.plist.xml; path = Info.plist; sourceTree = "<group>"; };
		983D1501C00A129208669530 /* Pods-RentBiTests.debug.xcconfig */ = {isa = PBXFileReference; includeInIndex = 1; lastKnownFileType = text.xcconfig; name = "Pods-RentBiTests.debug.xcconfig"; path = "Pods/Target Support Files/Pods-RentBiTests/Pods-RentBiTests.debug.xcconfig"; sourceTree = "<group>"; };
		A33CB5271EE8627E083C27EA /* Pods-RentBi.debug.xcconfig */ = {isa = PBXFileReference; includeInIndex = 1; lastKnownFileType = text.xcconfig; name = "Pods-RentBi.debug.xcconfig"; path = "Pods/Target Support Files/Pods-RentBi/Pods-RentBi.debug.xcconfig"; sourceTree = "<group>"; };
		B7EEBB96F88E9083604580B7 /* Pods_RentBi.framework */ = {isa = PBXFileReference; explicitFileType = wrapper.framework; includeInIndex = 0; path = Pods_RentBi.framework; sourceTree = BUILT_PRODUCTS_DIR; };
/* End PBXFileReference section */

/* Begin PBXFrameworksBuildPhase section */
		7FA976D71EFE44CB00DF2778 /* Frameworks */ = {
			isa = PBXFrameworksBuildPhase;
			buildActionMask = 2147483647;
			files = (
				0FA23C68FC5605395C4689CA /* Pods_RentBi.framework in Frameworks */,
			);
			runOnlyForDeploymentPostprocessing = 0;
		};
		7FA976EB1EFE44CC00DF2778 /* Frameworks */ = {
			isa = PBXFrameworksBuildPhase;
			buildActionMask = 2147483647;
			files = (
				FCCA67EB6E737B8A15C6DB8D /* Pods_RentBiTests.framework in Frameworks */,
			);
			runOnlyForDeploymentPostprocessing = 0;
		};
		7FA976F61EFE44CC00DF2778 /* Frameworks */ = {
			isa = PBXFrameworksBuildPhase;
			buildActionMask = 2147483647;
			files = (
				FAFDEA708FDC115AD105A481 /* Pods_RentBiUITests.framework in Frameworks */,
			);
			runOnlyForDeploymentPostprocessing = 0;
		};
/* End PBXFrameworksBuildPhase section */

/* Begin PBXGroup section */
		046F22011EFE48DD002756F3 /* ViewController */ = {
			isa = PBXGroup;
			children = (
				046F22021EFE48F7002756F3 /* MainViewController.swift */,
				49AC1AEF1EFE8056006BE90A /* FakeViewController.swift */,
				49AC1AF11EFE8119006BE90A /* DrawerNavigatorViewController.swift */,
				49AC1AF31EFE857A006BE90A /* SidebarViewController.swift */,
				49ADBE5C1EFECE4600CEBDB1 /* InfoDrawerViewController.swift */,
				49ADBE601EFED40600CEBDB1 /* MainPulleyViewController.swift */,
			);
			name = ViewController;
			sourceTree = "<group>";
		};
		046F22041EFE49CA002756F3 /* Model */ = {
			isa = PBXGroup;
			children = (
				49212F121EFEE388005CD43B /* Shop.swift */,
				49212F141EFEE48C005CD43B /* API.swift */,
				492AFD871EFF2B0D001C0920 /* CustomMarker.swift */,
			);
			name = Model;
			sourceTree = "<group>";
		};
		58A7C092B584207C7A5F532F /* Frameworks */ = {
			isa = PBXGroup;
			children = (
				B7EEBB96F88E9083604580B7 /* Pods_RentBi.framework */,
				383794919B47CFC905794041 /* Pods_RentBiTests.framework */,
				269CDF99381D5757C1169FEF /* Pods_RentBiUITests.framework */,
			);
			name = Frameworks;
			sourceTree = "<group>";
		};
		7FA976D11EFE44CB00DF2778 = {
			isa = PBXGroup;
			children = (
				7FA976DC1EFE44CB00DF2778 /* RentBi */,
				7FA976F11EFE44CC00DF2778 /* RentBiTests */,
				7FA976FC1EFE44CC00DF2778 /* RentBiUITests */,
				7FA976DB1EFE44CB00DF2778 /* Products */,
				9CF432CC40F9BC5743C61578 /* Pods */,
				58A7C092B584207C7A5F532F /* Frameworks */,
			);
			sourceTree = "<group>";
		};
		7FA976DB1EFE44CB00DF2778 /* Products */ = {
			isa = PBXGroup;
			children = (
				7FA976DA1EFE44CB00DF2778 /* RentBi.app */,
				7FA976EE1EFE44CC00DF2778 /* RentBiTests.xctest */,
				7FA976F91EFE44CC00DF2778 /* RentBiUITests.xctest */,
			);
			name = Products;
			sourceTree = "<group>";
		};
		7FA976DC1EFE44CB00DF2778 /* RentBi */ = {
			isa = PBXGroup;
			children = (
				046F22041EFE49CA002756F3 /* Model */,
				046F22011EFE48DD002756F3 /* ViewController */,
				7FA976DD1EFE44CB00DF2778 /* AppDelegate.swift */,
				7FA976E11EFE44CC00DF2778 /* Main.storyboard */,
				7FA976E61EFE44CC00DF2778 /* LaunchScreen.storyboard */,
				492AFD891EFF35C6001C0920 /* Assets.xcassets */,
				7FA976E91EFE44CC00DF2778 /* Info.plist */,
			);
			path = RentBi;
			sourceTree = "<group>";
		};
		7FA976F11EFE44CC00DF2778 /* RentBiTests */ = {
			isa = PBXGroup;
			children = (
				7FA976F21EFE44CC00DF2778 /* RentBiTests.swift */,
				7FA976F41EFE44CC00DF2778 /* Info.plist */,
			);
			path = RentBiTests;
			sourceTree = "<group>";
		};
		7FA976FC1EFE44CC00DF2778 /* RentBiUITests */ = {
			isa = PBXGroup;
			children = (
				7FA976FD1EFE44CC00DF2778 /* RentBiUITests.swift */,
				7FA976FF1EFE44CC00DF2778 /* Info.plist */,
			);
			path = RentBiUITests;
			sourceTree = "<group>";
		};
		9CF432CC40F9BC5743C61578 /* Pods */ = {
			isa = PBXGroup;
			children = (
				A33CB5271EE8627E083C27EA /* Pods-RentBi.debug.xcconfig */,
				0D6D7A768F484AC53CDCD861 /* Pods-RentBi.release.xcconfig */,
				983D1501C00A129208669530 /* Pods-RentBiTests.debug.xcconfig */,
				14B1A40120C26A2F29492E57 /* Pods-RentBiTests.release.xcconfig */,
				1BD6F361353B906B24C33363 /* Pods-RentBiUITests.debug.xcconfig */,
				30E2C008559C209B86387E59 /* Pods-RentBiUITests.release.xcconfig */,
			);
			name = Pods;
			sourceTree = "<group>";
		};
/* End PBXGroup section */

/* Begin PBXNativeTarget section */
		7FA976D91EFE44CB00DF2778 /* RentBi */ = {
			isa = PBXNativeTarget;
			buildConfigurationList = 7FA977021EFE44CC00DF2778 /* Build configuration list for PBXNativeTarget "RentBi" */;
			buildPhases = (
				2C2B457417229578794CD5A2 /* [CP] Check Pods Manifest.lock */,
				7FA976D61EFE44CB00DF2778 /* Sources */,
				7FA976D71EFE44CB00DF2778 /* Frameworks */,
				7FA976D81EFE44CB00DF2778 /* Resources */,
				308682BA09FB2FA6F9885F0A /* [CP] Embed Pods Frameworks */,
				34435BE4F8A6CEA3B60C7C57 /* [CP] Copy Pods Resources */,
			);
			buildRules = (
			);
			dependencies = (
			);
			name = RentBi;
			productName = RentBi;
			productReference = 7FA976DA1EFE44CB00DF2778 /* RentBi.app */;
			productType = "com.apple.product-type.application";
		};
		7FA976ED1EFE44CC00DF2778 /* RentBiTests */ = {
			isa = PBXNativeTarget;
			buildConfigurationList = 7FA977051EFE44CC00DF2778 /* Build configuration list for PBXNativeTarget "RentBiTests" */;
			buildPhases = (
				074BC8118ABE1F9769F1D0A2 /* [CP] Check Pods Manifest.lock */,
				7FA976EA1EFE44CC00DF2778 /* Sources */,
				7FA976EB1EFE44CC00DF2778 /* Frameworks */,
				7FA976EC1EFE44CC00DF2778 /* Resources */,
				5254F4DE26B936B5BF3E4E53 /* [CP] Embed Pods Frameworks */,
				42395C9F0A290D63F425C8D8 /* [CP] Copy Pods Resources */,
			);
			buildRules = (
			);
			dependencies = (
				7FA976F01EFE44CC00DF2778 /* PBXTargetDependency */,
			);
			name = RentBiTests;
			productName = RentBiTests;
			productReference = 7FA976EE1EFE44CC00DF2778 /* RentBiTests.xctest */;
			productType = "com.apple.product-type.bundle.unit-test";
		};
		7FA976F81EFE44CC00DF2778 /* RentBiUITests */ = {
			isa = PBXNativeTarget;
			buildConfigurationList = 7FA977081EFE44CC00DF2778 /* Build configuration list for PBXNativeTarget "RentBiUITests" */;
			buildPhases = (
				8D1C472D9579973246132A61 /* [CP] Check Pods Manifest.lock */,
				7FA976F51EFE44CC00DF2778 /* Sources */,
				7FA976F61EFE44CC00DF2778 /* Frameworks */,
				7FA976F71EFE44CC00DF2778 /* Resources */,
				C691DC9252C7C3719A96ADC6 /* [CP] Embed Pods Frameworks */,
				C2ACAE6E27EE6D5D76B37776 /* [CP] Copy Pods Resources */,
			);
			buildRules = (
			);
			dependencies = (
				7FA976FB1EFE44CC00DF2778 /* PBXTargetDependency */,
			);
			name = RentBiUITests;
			productName = RentBiUITests;
			productReference = 7FA976F91EFE44CC00DF2778 /* RentBiUITests.xctest */;
			productType = "com.apple.product-type.bundle.ui-testing";
		};
/* End PBXNativeTarget section */

/* Begin PBXProject section */
		7FA976D21EFE44CB00DF2778 /* Project object */ = {
			isa = PBXProject;
			attributes = {
				LastSwiftUpdateCheck = 0830;
				LastUpgradeCheck = 0830;
				ORGANIZATIONNAME = vteam;
				TargetAttributes = {
					7FA976D91EFE44CB00DF2778 = {
						CreatedOnToolsVersion = 8.3.3;
						DevelopmentTeam = FAZH6E59JU;
						ProvisioningStyle = Automatic;
					};
					7FA976ED1EFE44CC00DF2778 = {
						CreatedOnToolsVersion = 8.3.3;
						ProvisioningStyle = Automatic;
						TestTargetID = 7FA976D91EFE44CB00DF2778;
					};
					7FA976F81EFE44CC00DF2778 = {
						CreatedOnToolsVersion = 8.3.3;
						ProvisioningStyle = Automatic;
						TestTargetID = 7FA976D91EFE44CB00DF2778;
					};
				};
			};
			buildConfigurationList = 7FA976D51EFE44CB00DF2778 /* Build configuration list for PBXProject "RentBi" */;
			compatibilityVersion = "Xcode 3.2";
			developmentRegion = English;
			hasScannedForEncodings = 0;
			knownRegions = (
				en,
				Base,
			);
			mainGroup = 7FA976D11EFE44CB00DF2778;
			productRefGroup = 7FA976DB1EFE44CB00DF2778 /* Products */;
			projectDirPath = "";
			projectRoot = "";
			targets = (
				7FA976D91EFE44CB00DF2778 /* RentBi */,
				7FA976ED1EFE44CC00DF2778 /* RentBiTests */,
				7FA976F81EFE44CC00DF2778 /* RentBiUITests */,
			);
		};
/* End PBXProject section */

/* Begin PBXResourcesBuildPhase section */
		7FA976D81EFE44CB00DF2778 /* Resources */ = {
			isa = PBXResourcesBuildPhase;
			buildActionMask = 2147483647;
			files = (
				7FA976E81EFE44CC00DF2778 /* LaunchScreen.storyboard in Resources */,
				492AFD8A1EFF35C6001C0920 /* Assets.xcassets in Resources */,
				7FA976E31EFE44CC00DF2778 /* Main.storyboard in Resources */,
			);
			runOnlyForDeploymentPostprocessing = 0;
		};
		7FA976EC1EFE44CC00DF2778 /* Resources */ = {
			isa = PBXResourcesBuildPhase;
			buildActionMask = 2147483647;
			files = (
			);
			runOnlyForDeploymentPostprocessing = 0;
		};
		7FA976F71EFE44CC00DF2778 /* Resources */ = {
			isa = PBXResourcesBuildPhase;
			buildActionMask = 2147483647;
			files = (
			);
			runOnlyForDeploymentPostprocessing = 0;
		};
/* End PBXResourcesBuildPhase section */

/* Begin PBXShellScriptBuildPhase section */
		074BC8118ABE1F9769F1D0A2 /* [CP] Check Pods Manifest.lock */ = {
			isa = PBXShellScriptBuildPhase;
			buildActionMask = 2147483647;
			files = (
			);
			inputPaths = (
			);
			name = "[CP] Check Pods Manifest.lock";
			outputPaths = (
			);
			runOnlyForDeploymentPostprocessing = 0;
			shellPath = /bin/sh;
			shellScript = "diff \"${PODS_PODFILE_DIR_PATH}/Podfile.lock\" \"${PODS_ROOT}/Manifest.lock\" > /dev/null\nif [ $? != 0 ] ; then\n    # print error to STDERR\n    echo \"error: The sandbox is not in sync with the Podfile.lock. Run 'pod install' or update your CocoaPods installation.\" >&2\n    exit 1\nfi\n";
			showEnvVarsInLog = 0;
		};
		2C2B457417229578794CD5A2 /* [CP] Check Pods Manifest.lock */ = {
			isa = PBXShellScriptBuildPhase;
			buildActionMask = 2147483647;
			files = (
			);
			inputPaths = (
			);
			name = "[CP] Check Pods Manifest.lock";
			outputPaths = (
			);
			runOnlyForDeploymentPostprocessing = 0;
			shellPath = /bin/sh;
			shellScript = "diff \"${PODS_PODFILE_DIR_PATH}/Podfile.lock\" \"${PODS_ROOT}/Manifest.lock\" > /dev/null\nif [ $? != 0 ] ; then\n    # print error to STDERR\n    echo \"error: The sandbox is not in sync with the Podfile.lock. Run 'pod install' or update your CocoaPods installation.\" >&2\n    exit 1\nfi\n";
			showEnvVarsInLog = 0;
		};
		308682BA09FB2FA6F9885F0A /* [CP] Embed Pods Frameworks */ = {
			isa = PBXShellScriptBuildPhase;
			buildActionMask = 2147483647;
			files = (
			);
			inputPaths = (
			);
			name = "[CP] Embed Pods Frameworks";
			outputPaths = (
			);
			runOnlyForDeploymentPostprocessing = 0;
			shellPath = /bin/sh;
			shellScript = "\"${SRCROOT}/Pods/Target Support Files/Pods-RentBi/Pods-RentBi-frameworks.sh\"\n";
			showEnvVarsInLog = 0;
		};
		34435BE4F8A6CEA3B60C7C57 /* [CP] Copy Pods Resources */ = {
			isa = PBXShellScriptBuildPhase;
			buildActionMask = 2147483647;
			files = (
			);
			inputPaths = (
			);
			name = "[CP] Copy Pods Resources";
			outputPaths = (
			);
			runOnlyForDeploymentPostprocessing = 0;
			shellPath = /bin/sh;
			shellScript = "\"${SRCROOT}/Pods/Target Support Files/Pods-RentBi/Pods-RentBi-resources.sh\"\n";
			showEnvVarsInLog = 0;
		};
		42395C9F0A290D63F425C8D8 /* [CP] Copy Pods Resources */ = {
			isa = PBXShellScriptBuildPhase;
			buildActionMask = 2147483647;
			files = (
			);
			inputPaths = (
			);
			name = "[CP] Copy Pods Resources";
			outputPaths = (
			);
			runOnlyForDeploymentPostprocessing = 0;
			shellPath = /bin/sh;
			shellScript = "\"${SRCROOT}/Pods/Target Support Files/Pods-RentBiTests/Pods-RentBiTests-resources.sh\"\n";
			showEnvVarsInLog = 0;
		};
		5254F4DE26B936B5BF3E4E53 /* [CP] Embed Pods Frameworks */ = {
			isa = PBXShellScriptBuildPhase;
			buildActionMask = 2147483647;
			files = (
			);
			inputPaths = (
			);
			name = "[CP] Embed Pods Frameworks";
			outputPaths = (
			);
			runOnlyForDeploymentPostprocessing = 0;
			shellPath = /bin/sh;
			shellScript = "\"${SRCROOT}/Pods/Target Support Files/Pods-RentBiTests/Pods-RentBiTests-frameworks.sh\"\n";
			showEnvVarsInLog = 0;
		};
		8D1C472D9579973246132A61 /* [CP] Check Pods Manifest.lock */ = {
			isa = PBXShellScriptBuildPhase;
			buildActionMask = 2147483647;
			files = (
			);
			inputPaths = (
			);
			name = "[CP] Check Pods Manifest.lock";
			outputPaths = (
			);
			runOnlyForDeploymentPostprocessing = 0;
			shellPath = /bin/sh;
			shellScript = "diff \"${PODS_PODFILE_DIR_PATH}/Podfile.lock\" \"${PODS_ROOT}/Manifest.lock\" > /dev/null\nif [ $? != 0 ] ; then\n    # print error to STDERR\n    echo \"error: The sandbox is not in sync with the Podfile.lock. Run 'pod install' or update your CocoaPods installation.\" >&2\n    exit 1\nfi\n";
			showEnvVarsInLog = 0;
		};
		C2ACAE6E27EE6D5D76B37776 /* [CP] Copy Pods Resources */ = {
			isa = PBXShellScriptBuildPhase;
			buildActionMask = 2147483647;
			files = (
			);
			inputPaths = (
			);
			name = "[CP] Copy Pods Resources";
			outputPaths = (
			);
			runOnlyForDeploymentPostprocessing = 0;
			shellPath = /bin/sh;
			shellScript = "\"${SRCROOT}/Pods/Target Support Files/Pods-RentBiUITests/Pods-RentBiUITests-resources.sh\"\n";
			showEnvVarsInLog = 0;
		};
		C691DC9252C7C3719A96ADC6 /* [CP] Embed Pods Frameworks */ = {
			isa = PBXShellScriptBuildPhase;
			buildActionMask = 2147483647;
			files = (
			);
			inputPaths = (
			);
			name = "[CP] Embed Pods Frameworks";
			outputPaths = (
			);
			runOnlyForDeploymentPostprocessing = 0;
			shellPath = /bin/sh;
			shellScript = "\"${SRCROOT}/Pods/Target Support Files/Pods-RentBiUITests/Pods-RentBiUITests-frameworks.sh\"\n";
			showEnvVarsInLog = 0;
		};
/* End PBXShellScriptBuildPhase section */

/* Begin PBXSourcesBuildPhase section */
		7FA976D61EFE44CB00DF2778 /* Sources */ = {
			isa = PBXSourcesBuildPhase;
			buildActionMask = 2147483647;
			files = (
				49AC1AF41EFE857A006BE90A /* SidebarViewController.swift in Sources */,
				7FA976DE1EFE44CB00DF2778 /* AppDelegate.swift in Sources */,
				492AFD881EFF2B0D001C0920 /* CustomMarker.swift in Sources */,
				49AC1AF21EFE8119006BE90A /* DrawerNavigatorViewController.swift in Sources */,
				49AC1AF01EFE8056006BE90A /* FakeViewController.swift in Sources */,
				49ADBE611EFED40600CEBDB1 /* MainPulleyViewController.swift in Sources */,
				49ADBE5D1EFECE4600CEBDB1 /* InfoDrawerViewController.swift in Sources */,
				046F22031EFE48F7002756F3 /* MainViewController.swift in Sources */,
				49212F151EFEE48C005CD43B /* API.swift in Sources */,
				49212F131EFEE388005CD43B /* Shop.swift in Sources */,
			);
			runOnlyForDeploymentPostprocessing = 0;
		};
		7FA976EA1EFE44CC00DF2778 /* Sources */ = {
			isa = PBXSourcesBuildPhase;
			buildActionMask = 2147483647;
			files = (
				7FA976F31EFE44CC00DF2778 /* RentBiTests.swift in Sources */,
			);
			runOnlyForDeploymentPostprocessing = 0;
		};
		7FA976F51EFE44CC00DF2778 /* Sources */ = {
			isa = PBXSourcesBuildPhase;
			buildActionMask = 2147483647;
			files = (
				7FA976FE1EFE44CC00DF2778 /* RentBiUITests.swift in Sources */,
			);
			runOnlyForDeploymentPostprocessing = 0;
		};
/* End PBXSourcesBuildPhase section */

/* Begin PBXTargetDependency section */
		7FA976F01EFE44CC00DF2778 /* PBXTargetDependency */ = {
			isa = PBXTargetDependency;
			target = 7FA976D91EFE44CB00DF2778 /* RentBi */;
			targetProxy = 7FA976EF1EFE44CC00DF2778 /* PBXContainerItemProxy */;
		};
		7FA976FB1EFE44CC00DF2778 /* PBXTargetDependency */ = {
			isa = PBXTargetDependency;
			target = 7FA976D91EFE44CB00DF2778 /* RentBi */;
			targetProxy = 7FA976FA1EFE44CC00DF2778 /* PBXContainerItemProxy */;
		};
/* End PBXTargetDependency section */

/* Begin PBXVariantGroup section */
		7FA976E11EFE44CC00DF2778 /* Main.storyboard */ = {
			isa = PBXVariantGroup;
			children = (
				7FA976E21EFE44CC00DF2778 /* Base */,
			);
			name = Main.storyboard;
			sourceTree = "<group>";
		};
		7FA976E61EFE44CC00DF2778 /* LaunchScreen.storyboard */ = {
			isa = PBXVariantGroup;
			children = (
				7FA976E71EFE44CC00DF2778 /* Base */,
			);
			name = LaunchScreen.storyboard;
			sourceTree = "<group>";
		};
/* End PBXVariantGroup section */

/* Begin XCBuildConfiguration section */
		7FA977001EFE44CC00DF2778 /* Debug */ = {
			isa = XCBuildConfiguration;
			buildSettings = {
				ALWAYS_SEARCH_USER_PATHS = NO;
				CLANG_ANALYZER_NONNULL = YES;
				CLANG_ANALYZER_NUMBER_OBJECT_CONVERSION = YES_AGGRESSIVE;
				CLANG_CXX_LANGUAGE_STANDARD = "gnu++0x";
				CLANG_CXX_LIBRARY = "libc++";
				CLANG_ENABLE_MODULES = YES;
				CLANG_ENABLE_OBJC_ARC = YES;
				CLANG_WARN_BOOL_CONVERSION = YES;
				CLANG_WARN_CONSTANT_CONVERSION = YES;
				CLANG_WARN_DIRECT_OBJC_ISA_USAGE = YES_ERROR;
				CLANG_WARN_DOCUMENTATION_COMMENTS = YES;
				CLANG_WARN_EMPTY_BODY = YES;
				CLANG_WARN_ENUM_CONVERSION = YES;
				CLANG_WARN_INFINITE_RECURSION = YES;
				CLANG_WARN_INT_CONVERSION = YES;
				CLANG_WARN_OBJC_ROOT_CLASS = YES_ERROR;
				CLANG_WARN_SUSPICIOUS_MOVE = YES;
				CLANG_WARN_UNREACHABLE_CODE = YES;
				CLANG_WARN__DUPLICATE_METHOD_MATCH = YES;
				"CODE_SIGN_IDENTITY[sdk=iphoneos*]" = "iPhone Developer";
				COPY_PHASE_STRIP = NO;
				DEBUG_INFORMATION_FORMAT = dwarf;
				ENABLE_STRICT_OBJC_MSGSEND = YES;
				ENABLE_TESTABILITY = YES;
				GCC_C_LANGUAGE_STANDARD = gnu99;
				GCC_DYNAMIC_NO_PIC = NO;
				GCC_NO_COMMON_BLOCKS = YES;
				GCC_OPTIMIZATION_LEVEL = 0;
				GCC_PREPROCESSOR_DEFINITIONS = (
					"DEBUG=1",
					"$(inherited)",
				);
				GCC_WARN_64_TO_32_BIT_CONVERSION = YES;
				GCC_WARN_ABOUT_RETURN_TYPE = YES_ERROR;
				GCC_WARN_UNDECLARED_SELECTOR = YES;
				GCC_WARN_UNINITIALIZED_AUTOS = YES_AGGRESSIVE;
				GCC_WARN_UNUSED_FUNCTION = YES;
				GCC_WARN_UNUSED_VARIABLE = YES;
				IPHONEOS_DEPLOYMENT_TARGET = 10.3;
				MTL_ENABLE_DEBUG_INFO = YES;
				ONLY_ACTIVE_ARCH = YES;
				SDKROOT = iphoneos;
				SWIFT_ACTIVE_COMPILATION_CONDITIONS = DEBUG;
				SWIFT_OPTIMIZATION_LEVEL = "-Onone";
				TARGETED_DEVICE_FAMILY = "1,2";
			};
			name = Debug;
		};
		7FA977011EFE44CC00DF2778 /* Release */ = {
			isa = XCBuildConfiguration;
			buildSettings = {
				ALWAYS_SEARCH_USER_PATHS = NO;
				CLANG_ANALYZER_NONNULL = YES;
				CLANG_ANALYZER_NUMBER_OBJECT_CONVERSION = YES_AGGRESSIVE;
				CLANG_CXX_LANGUAGE_STANDARD = "gnu++0x";
				CLANG_CXX_LIBRARY = "libc++";
				CLANG_ENABLE_MODULES = YES;
				CLANG_ENABLE_OBJC_ARC = YES;
				CLANG_WARN_BOOL_CONVERSION = YES;
				CLANG_WARN_CONSTANT_CONVERSION = YES;
				CLANG_WARN_DIRECT_OBJC_ISA_USAGE = YES_ERROR;
				CLANG_WARN_DOCUMENTATION_COMMENTS = YES;
				CLANG_WARN_EMPTY_BODY = YES;
				CLANG_WARN_ENUM_CONVERSION = YES;
				CLANG_WARN_INFINITE_RECURSION = YES;
				CLANG_WARN_INT_CONVERSION = YES;
				CLANG_WARN_OBJC_ROOT_CLASS = YES_ERROR;
				CLANG_WARN_SUSPICIOUS_MOVE = YES;
				CLANG_WARN_UNREACHABLE_CODE = YES;
				CLANG_WARN__DUPLICATE_METHOD_MATCH = YES;
				"CODE_SIGN_IDENTITY[sdk=iphoneos*]" = "iPhone Developer";
				COPY_PHASE_STRIP = NO;
				DEBUG_INFORMATION_FORMAT = "dwarf-with-dsym";
				ENABLE_NS_ASSERTIONS = NO;
				ENABLE_STRICT_OBJC_MSGSEND = YES;
				GCC_C_LANGUAGE_STANDARD = gnu99;
				GCC_NO_COMMON_BLOCKS = YES;
				GCC_WARN_64_TO_32_BIT_CONVERSION = YES;
				GCC_WARN_ABOUT_RETURN_TYPE = YES_ERROR;
				GCC_WARN_UNDECLARED_SELECTOR = YES;
				GCC_WARN_UNINITIALIZED_AUTOS = YES_AGGRESSIVE;
				GCC_WARN_UNUSED_FUNCTION = YES;
				GCC_WARN_UNUSED_VARIABLE = YES;
				IPHONEOS_DEPLOYMENT_TARGET = 10.3;
				MTL_ENABLE_DEBUG_INFO = NO;
				SDKROOT = iphoneos;
				SWIFT_OPTIMIZATION_LEVEL = "-Owholemodule";
				TARGETED_DEVICE_FAMILY = "1,2";
				VALIDATE_PRODUCT = YES;
			};
			name = Release;
		};
		7FA977031EFE44CC00DF2778 /* Debug */ = {
			isa = XCBuildConfiguration;
			baseConfigurationReference = A33CB5271EE8627E083C27EA /* Pods-RentBi.debug.xcconfig */;
			buildSettings = {
				ASSETCATALOG_COMPILER_APPICON_NAME = AppIcon;
				DEVELOPMENT_TEAM = FAZH6E59JU;
				INFOPLIST_FILE = RentBi/Info.plist;
				IPHONEOS_DEPLOYMENT_TARGET = 9.3;
				LD_RUNPATH_SEARCH_PATHS = "$(inherited) @executable_path/Frameworks";
				PRODUCT_BUNDLE_IDENTIFIER = info.vteam.RentBi;
				PRODUCT_NAME = "$(TARGET_NAME)";
				SWIFT_VERSION = 3.0;
			};
			name = Debug;
		};
		7FA977041EFE44CC00DF2778 /* Release */ = {
			isa = XCBuildConfiguration;
			baseConfigurationReference = 0D6D7A768F484AC53CDCD861 /* Pods-RentBi.release.xcconfig */;
			buildSettings = {
				ASSETCATALOG_COMPILER_APPICON_NAME = AppIcon;
				DEVELOPMENT_TEAM = FAZH6E59JU;
				INFOPLIST_FILE = RentBi/Info.plist;
				IPHONEOS_DEPLOYMENT_TARGET = 9.3;
				LD_RUNPATH_SEARCH_PATHS = "$(inherited) @executable_path/Frameworks";
				PRODUCT_BUNDLE_IDENTIFIER = info.vteam.RentBi;
				PRODUCT_NAME = "$(TARGET_NAME)";
				SWIFT_VERSION = 3.0;
			};
			name = Release;
		};
		7FA977061EFE44CC00DF2778 /* Debug */ = {
			isa = XCBuildConfiguration;
			baseConfigurationReference = 983D1501C00A129208669530 /* Pods-RentBiTests.debug.xcconfig */;
			buildSettings = {
				ALWAYS_EMBED_SWIFT_STANDARD_LIBRARIES = YES;
				BUNDLE_LOADER = "$(TEST_HOST)";
				INFOPLIST_FILE = RentBiTests/Info.plist;
				LD_RUNPATH_SEARCH_PATHS = "$(inherited) @executable_path/Frameworks @loader_path/Frameworks";
				PRODUCT_BUNDLE_IDENTIFIER = info.vteam.RentBiTests;
				PRODUCT_NAME = "$(TARGET_NAME)";
				SWIFT_VERSION = 3.0;
				TEST_HOST = "$(BUILT_PRODUCTS_DIR)/RentBi.app/RentBi";
			};
			name = Debug;
		};
		7FA977071EFE44CC00DF2778 /* Release */ = {
			isa = XCBuildConfiguration;
			baseConfigurationReference = 14B1A40120C26A2F29492E57 /* Pods-RentBiTests.release.xcconfig */;
			buildSettings = {
				ALWAYS_EMBED_SWIFT_STANDARD_LIBRARIES = YES;
				BUNDLE_LOADER = "$(TEST_HOST)";
				INFOPLIST_FILE = RentBiTests/Info.plist;
				LD_RUNPATH_SEARCH_PATHS = "$(inherited) @executable_path/Frameworks @loader_path/Frameworks";
				PRODUCT_BUNDLE_IDENTIFIER = info.vteam.RentBiTests;
				PRODUCT_NAME = "$(TARGET_NAME)";
				SWIFT_VERSION = 3.0;
				TEST_HOST = "$(BUILT_PRODUCTS_DIR)/RentBi.app/RentBi";
			};
			name = Release;
		};
		7FA977091EFE44CC00DF2778 /* Debug */ = {
			isa = XCBuildConfiguration;
			baseConfigurationReference = 1BD6F361353B906B24C33363 /* Pods-RentBiUITests.debug.xcconfig */;
			buildSettings = {
				ALWAYS_EMBED_SWIFT_STANDARD_LIBRARIES = YES;
				INFOPLIST_FILE = RentBiUITests/Info.plist;
				LD_RUNPATH_SEARCH_PATHS = "$(inherited) @executable_path/Frameworks @loader_path/Frameworks";
				PRODUCT_BUNDLE_IDENTIFIER = info.vteam.RentBiUITests;
				PRODUCT_NAME = "$(TARGET_NAME)";
				SWIFT_VERSION = 3.0;
				TEST_TARGET_NAME = RentBi;
			};
			name = Debug;
		};
		7FA9770A1EFE44CC00DF2778 /* Release */ = {
			isa = XCBuildConfiguration;
			baseConfigurationReference = 30E2C008559C209B86387E59 /* Pods-RentBiUITests.release.xcconfig */;
			buildSettings = {
				ALWAYS_EMBED_SWIFT_STANDARD_LIBRARIES = YES;
				INFOPLIST_FILE = RentBiUITests/Info.plist;
				LD_RUNPATH_SEARCH_PATHS = "$(inherited) @executable_path/Frameworks @loader_path/Frameworks";
				PRODUCT_BUNDLE_IDENTIFIER = info.vteam.RentBiUITests;
				PRODUCT_NAME = "$(TARGET_NAME)";
				SWIFT_VERSION = 3.0;
				TEST_TARGET_NAME = RentBi;
			};
			name = Release;
		};
/* End XCBuildConfiguration section */

/* Begin XCConfigurationList section */
		7FA976D51EFE44CB00DF2778 /* Build configuration list for PBXProject "RentBi" */ = {
			isa = XCConfigurationList;
			buildConfigurations = (
				7FA977001EFE44CC00DF2778 /* Debug */,
				7FA977011EFE44CC00DF2778 /* Release */,
			);
			defaultConfigurationIsVisible = 0;
			defaultConfigurationName = Release;
		};
		7FA977021EFE44CC00DF2778 /* Build configuration list for PBXNativeTarget "RentBi" */ = {
			isa = XCConfigurationList;
			buildConfigurations = (
				7FA977031EFE44CC00DF2778 /* Debug */,
				7FA977041EFE44CC00DF2778 /* Release */,
			);
			defaultConfigurationIsVisible = 0;
			defaultConfigurationName = Release;
		};
		7FA977051EFE44CC00DF2778 /* Build configuration list for PBXNativeTarget "RentBiTests" */ = {
			isa = XCConfigurationList;
			buildConfigurations = (
				7FA977061EFE44CC00DF2778 /* Debug */,
				7FA977071EFE44CC00DF2778 /* Release */,
			);
			defaultConfigurationIsVisible = 0;
			defaultConfigurationName = Release;
		};
		7FA977081EFE44CC00DF2778 /* Build configuration list for PBXNativeTarget "RentBiUITests" */ = {
			isa = XCConfigurationList;
			buildConfigurations = (
				7FA977091EFE44CC00DF2778 /* Debug */,
				7FA9770A1EFE44CC00DF2778 /* Release */,
			);
			defaultConfigurationIsVisible = 0;
			defaultConfigurationName = Release;
		};
/* End XCConfigurationList section */
	};
	rootObject = 7FA976D21EFE44CB00DF2778 /* Project object */;
}
