// !$*UTF8*$!
{
	archiveVersion = 1;
	classes = {
	};
	objectVersion = 46;
	objects = {

/* Begin PBXBuildFile section */
		7FA976DE1EFE44CB00DF2778 /* AppDelegate.swift in Sources */ = {isa = PBXBuildFile; fileRef = 7FA976DD1EFE44CB00DF2778 /* AppDelegate.swift */; };
		7FA976E01EFE44CB00DF2778 /* ViewController.swift in Sources */ = {isa = PBXBuildFile; fileRef = 7FA976DF1EFE44CB00DF2778 /* ViewController.swift */; };
		7FA976E31EFE44CC00DF2778 /* Main.storyboard in Resources */ = {isa = PBXBuildFile; fileRef = 7FA976E11EFE44CC00DF2778 /* Main.storyboard */; };
		7FA976E51EFE44CC00DF2778 /* Assets.xcassets in Resources */ = {isa = PBXBuildFile; fileRef = 7FA976E41EFE44CC00DF2778 /* Assets.xcassets */; };
		7FA976E81EFE44CC00DF2778 /* LaunchScreen.storyboard in Resources */ = {isa = PBXBuildFile; fileRef = 7FA976E61EFE44CC00DF2778 /* LaunchScreen.storyboard */; };
		7FA976F31EFE44CC00DF2778 /* RentBiTests.swift in Sources */ = {isa = PBXBuildFile; fileRef = 7FA976F21EFE44CC00DF2778 /* RentBiTests.swift */; };
		7FA976FE1EFE44CC00DF2778 /* RentBiUITests.swift in Sources */ = {isa = PBXBuildFile; fileRef = 7FA976FD1EFE44CC00DF2778 /* RentBiUITests.swift */; };
/* End PBXBuildFile section */

/* Begin PBXContainerItemProxy section */
		7FA976EF1EFE44CC00DF2778 /* PBXContainerItemProxy */ = {
			isa = PBXContainerItemProxy;
			containerPortal = 7FA976D21EFE44CB00DF2778 /* Project object */;
			proxyType = 1;
			remoteGlobalIDString = 7FA976D91EFE44CB00DF2778;
			remoteInfo = RentBi;
		};
		7FA976FA1EFE44CC00DF2778 /* PBXContainerItemProxy */ = {
			isa = PBXContainerItemProxy;
			containerPortal = 7FA976D21EFE44CB00DF2778 /* Project object */;
			proxyType = 1;
			remoteGlobalIDString = 7FA976D91EFE44CB00DF2778;
			remoteInfo = RentBi;
		};
/* End PBXContainerItemProxy section */

/* Begin PBXFileReference section */
		7FA976DA1EFE44CB00DF2778 /* RentBi.app */ = {isa = PBXFileReference; explicitFileType = wrapper.application; includeInIndex = 0; path = RentBi.app; sourceTree = BUILT_PRODUCTS_DIR; };
		7FA976DD1EFE44CB00DF2778 /* AppDelegate.swift */ = {isa = PBXFileReference; lastKnownFileType = sourcecode.swift; path = AppDelegate.swift; sourceTree = "<group>"; };
		7FA976DF1EFE44CB00DF2778 /* ViewController.swift */ = {isa = PBXFileReference; lastKnownFileType = sourcecode.swift; path = ViewController.swift; sourceTree = "<group>"; };
		7FA976E21EFE44CC00DF2778 /* Base */ = {isa = PBXFileReference; lastKnownFileType = file.storyboard; name = Base; path = Base.lproj/Main.storyboard; sourceTree = "<group>"; };
		7FA976E41EFE44CC00DF2778 /* Assets.xcassets */ = {isa = PBXFileReference; lastKnownFileType = folder.assetcatalog; path = Assets.xcassets; sourceTree = "<group>"; };
		7FA976E71EFE44CC00DF2778 /* Base */ = {isa = PBXFileReference; lastKnownFileType = file.storyboard; name = Base; path = Base.lproj/LaunchScreen.storyboard; sourceTree = "<group>"; };
		7FA976E91EFE44CC00DF2778 /* Info.plist */ = {isa = PBXFileReference; lastKnownFileType = text.plist.xml; path = Info.plist; sourceTree = "<group>"; };
		7FA976EE1EFE44CC00DF2778 /* RentBiTests.xctest */ = {isa = PBXFileReference; explicitFileType = wrapper.cfbundle; includeInIndex = 0; path = RentBiTests.xctest; sourceTree = BUILT_PRODUCTS_DIR; };
		7FA976F21EFE44CC00DF2778 /* RentBiTests.swift */ = {isa = PBXFileReference; lastKnownFileType = sourcecode.swift; path = RentBiTests.swift; sourceTree = "<group>"; };
		7FA976F41EFE44CC00DF2778 /* Info.plist */ = {isa = PBXFileReference; lastKnownFileType = text.plist.xml; path = Info.plist; sourceTree = "<group>"; };
		7FA976F91EFE44CC00DF2778 /* RentBiUITests.xctest */ = {isa = PBXFileReference; explicitFileType = wrapper.cfbundle; includeInIndex = 0; path = RentBiUITests.xctest; sourceTree = BUILT_PRODUCTS_DIR; };
		7FA976FD1EFE44CC00DF2778 /* RentBiUITests.swift */ = {isa = PBXFileReference; lastKnownFileType = sourcecode.swift; path = RentBiUITests.swift; sourceTree = "<group>"; };
		7FA976FF1EFE44CC00DF2778 /* Info.plist */ = {isa = PBXFileReference; lastKnownFileType = text.plist.xml; path = Info.plist; sourceTree = "<group>"; };
/* End PBXFileReference section */

/* Begin PBXFrameworksBuildPhase section */
		7FA976D71EFE44CB00DF2778 /* Frameworks */ = {
			isa = PBXFrameworksBuildPhase;
			buildActionMask = 2147483647;
			files = (
			);
			runOnlyForDeploymentPostprocessing = 0;
		};
		7FA976EB1EFE44CC00DF2778 /* Frameworks */ = {
			isa = PBXFrameworksBuildPhase;
			buildActionMask = 2147483647;
			files = (
			);
			runOnlyForDeploymentPostprocessing = 0;
		};
		7FA976F61EFE44CC00DF2778 /* Frameworks */ = {
			isa = PBXFrameworksBuildPhase;
			buildActionMask = 2147483647;
			files = (
			);
			runOnlyForDeploymentPostprocessing = 0;
		};
/* End PBXFrameworksBuildPhase section */

/* Begin PBXGroup section */
		7FA976D11EFE44CB00DF2778 = {
			isa = PBXGroup;
			children = (
				7FA976DC1EFE44CB00DF2778 /* RentBi */,
				7FA976F11EFE44CC00DF2778 /* RentBiTests */,
				7FA976FC1EFE44CC00DF2778 /* RentBiUITests */,
				7FA976DB1EFE44CB00DF2778 /* Products */,
			);
			sourceTree = "<group>";
		};
		7FA976DB1EFE44CB00DF2778 /* Products */ = {
			isa = PBXGroup;
			children = (
				7FA976DA1EFE44CB00DF2778 /* RentBi.app */,
				7FA976EE1EFE44CC00DF2778 /* RentBiTests.xctest */,
				7FA976F91EFE44CC00DF2778 /* RentBiUITests.xctest */,
			);
			name = Products;
			sourceTree = "<group>";
		};
		7FA976DC1EFE44CB00DF2778 /* RentBi */ = {
			isa = PBXGroup;
			children = (
				7FA976DD1EFE44CB00DF2778 /* AppDelegate.swift */,
				7FA976DF1EFE44CB00DF2778 /* ViewController.swift */,
				7FA976E11EFE44CC00DF2778 /* Main.storyboard */,
				7FA976E41EFE44CC00DF2778 /* Assets.xcassets */,
				7FA976E61EFE44CC00DF2778 /* LaunchScreen.storyboard */,
				7FA976E91EFE44CC00DF2778 /* Info.plist */,
			);
			path = RentBi;
			sourceTree = "<group>";
		};
		7FA976F11EFE44CC00DF2778 /* RentBiTests */ = {
			isa = PBXGroup;
			children = (
				7FA976F21EFE44CC00DF2778 /* RentBiTests.swift */,
				7FA976F41EFE44CC00DF2778 /* Info.plist */,
			);
			path = RentBiTests;
			sourceTree = "<group>";
		};
		7FA976FC1EFE44CC00DF2778 /* RentBiUITests */ = {
			isa = PBXGroup;
			children = (
				7FA976FD1EFE44CC00DF2778 /* RentBiUITests.swift */,
				7FA976FF1EFE44CC00DF2778 /* Info.plist */,
			);
			path = RentBiUITests;
			sourceTree = "<group>";
		};
/* End PBXGroup section */

/* Begin PBXNativeTarget section */
		7FA976D91EFE44CB00DF2778 /* RentBi */ = {
			isa = PBXNativeTarget;
			buildConfigurationList = 7FA977021EFE44CC00DF2778 /* Build configuration list for PBXNativeTarget "RentBi" */;
			buildPhases = (
				7FA976D61EFE44CB00DF2778 /* Sources */,
				7FA976D71EFE44CB00DF2778 /* Frameworks */,
				7FA976D81EFE44CB00DF2778 /* Resources */,
			);
			buildRules = (
			);
			dependencies = (
			);
			name = RentBi;
			productName = RentBi;
			productReference = 7FA976DA1EFE44CB00DF2778 /* RentBi.app */;
			productType = "com.apple.product-type.application";
		};
		7FA976ED1EFE44CC00DF2778 /* RentBiTests */ = {
			isa = PBXNativeTarget;
			buildConfigurationList = 7FA977051EFE44CC00DF2778 /* Build configuration list for PBXNativeTarget "RentBiTests" */;
			buildPhases = (
				7FA976EA1EFE44CC00DF2778 /* Sources */,
				7FA976EB1EFE44CC00DF2778 /* Frameworks */,
				7FA976EC1EFE44CC00DF2778 /* Resources */,
			);
			buildRules = (
			);
			dependencies = (
				7FA976F01EFE44CC00DF2778 /* PBXTargetDependency */,
			);
			name = RentBiTests;
			productName = RentBiTests;
			productReference = 7FA976EE1EFE44CC00DF2778 /* RentBiTests.xctest */;
			productType = "com.apple.product-type.bundle.unit-test";
		};
		7FA976F81EFE44CC00DF2778 /* RentBiUITests */ = {
			isa = PBXNativeTarget;
			buildConfigurationList = 7FA977081EFE44CC00DF2778 /* Build configuration list for PBXNativeTarget "RentBiUITests" */;
			buildPhases = (
				7FA976F51EFE44CC00DF2778 /* Sources */,
				7FA976F61EFE44CC00DF2778 /* Frameworks */,
				7FA976F71EFE44CC00DF2778 /* Resources */,
			);
			buildRules = (
			);
			dependencies = (
				7FA976FB1EFE44CC00DF2778 /* PBXTargetDependency */,
			);
			name = RentBiUITests;
			productName = RentBiUITests;
			productReference = 7FA976F91EFE44CC00DF2778 /* RentBiUITests.xctest */;
			productType = "com.apple.product-type.bundle.ui-testing";
		};
/* End PBXNativeTarget section */

/* Begin PBXProject section */
		7FA976D21EFE44CB00DF2778 /* Project object */ = {
			isa = PBXProject;
			attributes = {
				LastSwiftUpdateCheck = 0830;
				LastUpgradeCheck = 0830;
				ORGANIZATIONNAME = vteam;
				TargetAttributes = {
					7FA976D91EFE44CB00DF2778 = {
						CreatedOnToolsVersion = 8.3.3;
						ProvisioningStyle = Automatic;
					};
					7FA976ED1EFE44CC00DF2778 = {
						CreatedOnToolsVersion = 8.3.3;
						ProvisioningStyle = Automatic;
						TestTargetID = 7FA976D91EFE44CB00DF2778;
					};
					7FA976F81EFE44CC00DF2778 = {
						CreatedOnToolsVersion = 8.3.3;
						ProvisioningStyle = Automatic;
						TestTargetID = 7FA976D91EFE44CB00DF2778;
					};
				};
			};
			buildConfigurationList = 7FA976D51EFE44CB00DF2778 /* Build configuration list for PBXProject "RentBi" */;
			compatibilityVersion = "Xcode 3.2";
			developmentRegion = English;
			hasScannedForEncodings = 0;
			knownRegions = (
				en,
				Base,
			);
			mainGroup = 7FA976D11EFE44CB00DF2778;
			productRefGroup = 7FA976DB1EFE44CB00DF2778 /* Products */;
			projectDirPath = "";
			projectRoot = "";
			targets = (
				7FA976D91EFE44CB00DF2778 /* RentBi */,
				7FA976ED1EFE44CC00DF2778 /* RentBiTests */,
				7FA976F81EFE44CC00DF2778 /* RentBiUITests */,
			);
		};
/* End PBXProject section */

/* Begin PBXResourcesBuildPhase section */
		7FA976D81EFE44CB00DF2778 /* Resources */ = {
			isa = PBXResourcesBuildPhase;
			buildActionMask = 2147483647;
			files = (
				7FA976E81EFE44CC00DF2778 /* LaunchScreen.storyboard in Resources */,
				7FA976E51EFE44CC00DF2778 /* Assets.xcassets in Resources */,
				7FA976E31EFE44CC00DF2778 /* Main.storyboard in Resources */,
			);
			runOnlyForDeploymentPostprocessing = 0;
		};
		7FA976EC1EFE44CC00DF2778 /* Resources */ = {
			isa = PBXResourcesBuildPhase;
			buildActionMask = 2147483647;
			files = (
			);
			runOnlyForDeploymentPostprocessing = 0;
		};
		7FA976F71EFE44CC00DF2778 /* Resources */ = {
			isa = PBXResourcesBuildPhase;
			buildActionMask = 2147483647;
			files = (
			);
			runOnlyForDeploymentPostprocessing = 0;
		};
/* End PBXResourcesBuildPhase section */

/* Begin PBXSourcesBuildPhase section */
		7FA976D61EFE44CB00DF2778 /* Sources */ = {
			isa = PBXSourcesBuildPhase;
			buildActionMask = 2147483647;
			files = (
				7FA976E01EFE44CB00DF2778 /* ViewController.swift in Sources */,
				7FA976DE1EFE44CB00DF2778 /* AppDelegate.swift in Sources */,
			);
			runOnlyForDeploymentPostprocessing = 0;
		};
		7FA976EA1EFE44CC00DF2778 /* Sources */ = {
			isa = PBXSourcesBuildPhase;
			buildActionMask = 2147483647;
			files = (
				7FA976F31EFE44CC00DF2778 /* RentBiTests.swift in Sources */,
			);
			runOnlyForDeploymentPostprocessing = 0;
		};
		7FA976F51EFE44CC00DF2778 /* Sources */ = {
			isa = PBXSourcesBuildPhase;
			buildActionMask = 2147483647;
			files = (
				7FA976FE1EFE44CC00DF2778 /* RentBiUITests.swift in Sources */,
			);
			runOnlyForDeploymentPostprocessing = 0;
		};
/* End PBXSourcesBuildPhase section */

/* Begin PBXTargetDependency section */
		7FA976F01EFE44CC00DF2778 /* PBXTargetDependency */ = {
			isa = PBXTargetDependency;
			target = 7FA976D91EFE44CB00DF2778 /* RentBi */;
			targetProxy = 7FA976EF1EFE44CC00DF2778 /* PBXContainerItemProxy */;
		};
		7FA976FB1EFE44CC00DF2778 /* PBXTargetDependency */ = {
			isa = PBXTargetDependency;
			target = 7FA976D91EFE44CB00DF2778 /* RentBi */;
			targetProxy = 7FA976FA1EFE44CC00DF2778 /* PBXContainerItemProxy */;
		};
/* End PBXTargetDependency section */

/* Begin PBXVariantGroup section */
		7FA976E11EFE44CC00DF2778 /* Main.storyboard */ = {
			isa = PBXVariantGroup;
			children = (
				7FA976E21EFE44CC00DF2778 /* Base */,
			);
			name = Main.storyboard;
			sourceTree = "<group>";
		};
		7FA976E61EFE44CC00DF2778 /* LaunchScreen.storyboard */ = {
			isa = PBXVariantGroup;
			children = (
				7FA976E71EFE44CC00DF2778 /* Base */,
			);
			name = LaunchScreen.storyboard;
			sourceTree = "<group>";
		};
/* End PBXVariantGroup section */

/* Begin XCBuildConfiguration section */
		7FA977001EFE44CC00DF2778 /* Debug */ = {
			isa = XCBuildConfiguration;
			buildSettings = {
				ALWAYS_SEARCH_USER_PATHS = NO;
				CLANG_ANALYZER_NONNULL = YES;
				CLANG_ANALYZER_NUMBER_OBJECT_CONVERSION = YES_AGGRESSIVE;
				CLANG_CXX_LANGUAGE_STANDARD = "gnu++0x";
				CLANG_CXX_LIBRARY = "libc++";
				CLANG_ENABLE_MODULES = YES;
				CLANG_ENABLE_OBJC_ARC = YES;
				CLANG_WARN_BOOL_CONVERSION = YES;
				CLANG_WARN_CONSTANT_CONVERSION = YES;
				CLANG_WARN_DIRECT_OBJC_ISA_USAGE = YES_ERROR;
				CLANG_WARN_DOCUMENTATION_COMMENTS = YES;
				CLANG_WARN_EMPTY_BODY = YES;
				CLANG_WARN_ENUM_CONVERSION = YES;
				CLANG_WARN_INFINITE_RECURSION = YES;
				CLANG_WARN_INT_CONVERSION = YES;
				CLANG_WARN_OBJC_ROOT_CLASS = YES_ERROR;
				CLANG_WARN_SUSPICIOUS_MOVE = YES;
				CLANG_WARN_UNREACHABLE_CODE = YES;
				CLANG_WARN__DUPLICATE_METHOD_MATCH = YES;
				"CODE_SIGN_IDENTITY[sdk=iphoneos*]" = "iPhone Developer";
				COPY_PHASE_STRIP = NO;
				DEBUG_INFORMATION_FORMAT = dwarf;
				ENABLE_STRICT_OBJC_MSGSEND = YES;
				ENABLE_TESTABILITY = YES;
				GCC_C_LANGUAGE_STANDARD = gnu99;
				GCC_DYNAMIC_NO_PIC = NO;
				GCC_NO_COMMON_BLOCKS = YES;
				GCC_OPTIMIZATION_LEVEL = 0;
				GCC_PREPROCESSOR_DEFINITIONS = (
					"DEBUG=1",
					"$(inherited)",
				);
				GCC_WARN_64_TO_32_BIT_CONVERSION = YES;
				GCC_WARN_ABOUT_RETURN_TYPE = YES_ERROR;
				GCC_WARN_UNDECLARED_SELECTOR = YES;
				GCC_WARN_UNINITIALIZED_AUTOS = YES_AGGRESSIVE;
				GCC_WARN_UNUSED_FUNCTION = YES;
				GCC_WARN_UNUSED_VARIABLE = YES;
				IPHONEOS_DEPLOYMENT_TARGET = 10.3;
				MTL_ENABLE_DEBUG_INFO = YES;
				ONLY_ACTIVE_ARCH = YES;
				SDKROOT = iphoneos;
				SWIFT_ACTIVE_COMPILATION_CONDITIONS = DEBUG;
				SWIFT_OPTIMIZATION_LEVEL = "-Onone";
				TARGETED_DEVICE_FAMILY = "1,2";
			};
			name = Debug;
		};
		7FA977011EFE44CC00DF2778 /* Release */ = {
			isa = XCBuildConfiguration;
			buildSettings = {
				ALWAYS_SEARCH_USER_PATHS = NO;
				CLANG_ANALYZER_NONNULL = YES;
				CLANG_ANALYZER_NUMBER_OBJECT_CONVERSION = YES_AGGRESSIVE;
				CLANG_CXX_LANGUAGE_STANDARD = "gnu++0x";
				CLANG_CXX_LIBRARY = "libc++";
				CLANG_ENABLE_MODULES = YES;
				CLANG_ENABLE_OBJC_ARC = YES;
				CLANG_WARN_BOOL_CONVERSION = YES;
				CLANG_WARN_CONSTANT_CONVERSION = YES;
				CLANG_WARN_DIRECT_OBJC_ISA_USAGE = YES_ERROR;
				CLANG_WARN_DOCUMENTATION_COMMENTS = YES;
				CLANG_WARN_EMPTY_BODY = YES;
				CLANG_WARN_ENUM_CONVERSION = YES;
				CLANG_WARN_INFINITE_RECURSION = YES;
				CLANG_WARN_INT_CONVERSION = YES;
				CLANG_WARN_OBJC_ROOT_CLASS = YES_ERROR;
				CLANG_WARN_SUSPICIOUS_MOVE = YES;
				CLANG_WARN_UNREACHABLE_CODE = YES;
				CLANG_WARN__DUPLICATE_METHOD_MATCH = YES;
				"CODE_SIGN_IDENTITY[sdk=iphoneos*]" = "iPhone Developer";
				COPY_PHASE_STRIP = NO;
				DEBUG_INFORMATION_FORMAT = "dwarf-with-dsym";
				ENABLE_NS_ASSERTIONS = NO;
				ENABLE_STRICT_OBJC_MSGSEND = YES;
				GCC_C_LANGUAGE_STANDARD = gnu99;
				GCC_NO_COMMON_BLOCKS = YES;
				GCC_WARN_64_TO_32_BIT_CONVERSION = YES;
				GCC_WARN_ABOUT_RETURN_TYPE = YES_ERROR;
				GCC_WARN_UNDECLARED_SELECTOR = YES;
				GCC_WARN_UNINITIALIZED_AUTOS = YES_AGGRESSIVE;
				GCC_WARN_UNUSED_FUNCTION = YES;
				GCC_WARN_UNUSED_VARIABLE = YES;
				IPHONEOS_DEPLOYMENT_TARGET = 10.3;
				MTL_ENABLE_DEBUG_INFO = NO;
				SDKROOT = iphoneos;
				SWIFT_OPTIMIZATION_LEVEL = "-Owholemodule";
				TARGETED_DEVICE_FAMILY = "1,2";
				VALIDATE_PRODUCT = YES;
			};
			name = Release;
		};
		7FA977031EFE44CC00DF2778 /* Debug */ = {
			isa = XCBuildConfiguration;
			buildSettings = {
				ASSETCATALOG_COMPILER_APPICON_NAME = AppIcon;
				INFOPLIST_FILE = RentBi/Info.plist;
				LD_RUNPATH_SEARCH_PATHS = "$(inherited) @executable_path/Frameworks";
				PRODUCT_BUNDLE_IDENTIFIER = info.vteam.RentBi;
				PRODUCT_NAME = "$(TARGET_NAME)";
				SWIFT_VERSION = 3.0;
			};
			name = Debug;
		};
		7FA977041EFE44CC00DF2778 /* Release */ = {
			isa = XCBuildConfiguration;
			buildSettings = {
				ASSETCATALOG_COMPILER_APPICON_NAME = AppIcon;
				INFOPLIST_FILE = RentBi/Info.plist;
				LD_RUNPATH_SEARCH_PATHS = "$(inherited) @executable_path/Frameworks";
				PRODUCT_BUNDLE_IDENTIFIER = info.vteam.RentBi;
				PRODUCT_NAME = "$(TARGET_NAME)";
				SWIFT_VERSION = 3.0;
			};
			name = Release;
		};
		7FA977061EFE44CC00DF2778 /* Debug */ = {
			isa = XCBuildConfiguration;
			buildSettings = {
				ALWAYS_EMBED_SWIFT_STANDARD_LIBRARIES = YES;
				BUNDLE_LOADER = "$(TEST_HOST)";
				INFOPLIST_FILE = RentBiTests/Info.plist;
				LD_RUNPATH_SEARCH_PATHS = "$(inherited) @executable_path/Frameworks @loader_path/Frameworks";
				PRODUCT_BUNDLE_IDENTIFIER = info.vteam.RentBiTests;
				PRODUCT_NAME = "$(TARGET_NAME)";
				SWIFT_VERSION = 3.0;
				TEST_HOST = "$(BUILT_PRODUCTS_DIR)/RentBi.app/RentBi";
			};
			name = Debug;
		};
		7FA977071EFE44CC00DF2778 /* Release */ = {
			isa = XCBuildConfiguration;
			buildSettings = {
				ALWAYS_EMBED_SWIFT_STANDARD_LIBRARIES = YES;
				BUNDLE_LOADER = "$(TEST_HOST)";
				INFOPLIST_FILE = RentBiTests/Info.plist;
				LD_RUNPATH_SEARCH_PATHS = "$(inherited) @executable_path/Frameworks @loader_path/Frameworks";
				PRODUCT_BUNDLE_IDENTIFIER = info.vteam.RentBiTests;
				PRODUCT_NAME = "$(TARGET_NAME)";
				SWIFT_VERSION = 3.0;
				TEST_HOST = "$(BUILT_PRODUCTS_DIR)/RentBi.app/RentBi";
			};
			name = Release;
		};
		7FA977091EFE44CC00DF2778 /* Debug */ = {
			isa = XCBuildConfiguration;
			buildSettings = {
				ALWAYS_EMBED_SWIFT_STANDARD_LIBRARIES = YES;
				INFOPLIST_FILE = RentBiUITests/Info.plist;
				LD_RUNPATH_SEARCH_PATHS = "$(inherited) @executable_path/Frameworks @loader_path/Frameworks";
				PRODUCT_BUNDLE_IDENTIFIER = info.vteam.RentBiUITests;
				PRODUCT_NAME = "$(TARGET_NAME)";
				SWIFT_VERSION = 3.0;
				TEST_TARGET_NAME = RentBi;
			};
			name = Debug;
		};
		7FA9770A1EFE44CC00DF2778 /* Release */ = {
			isa = XCBuildConfiguration;
			buildSettings = {
				ALWAYS_EMBED_SWIFT_STANDARD_LIBRARIES = YES;
				INFOPLIST_FILE = RentBiUITests/Info.plist;
				LD_RUNPATH_SEARCH_PATHS = "$(inherited) @executable_path/Frameworks @loader_path/Frameworks";
				PRODUCT_BUNDLE_IDENTIFIER = info.vteam.RentBiUITests;
				PRODUCT_NAME = "$(TARGET_NAME)";
				SWIFT_VERSION = 3.0;
				TEST_TARGET_NAME = RentBi;
			};
			name = Release;
		};
/* End XCBuildConfiguration section */

/* Begin XCConfigurationList section */
		7FA976D51EFE44CB00DF2778 /* Build configuration list for PBXProject "RentBi" */ = {
			isa = XCConfigurationList;
			buildConfigurations = (
				7FA977001EFE44CC00DF2778 /* Debug */,
				7FA977011EFE44CC00DF2778 /* Release */,
			);
			defaultConfigurationIsVisible = 0;
			defaultConfigurationName = Release;
		};
		7FA977021EFE44CC00DF2778 /* Build configuration list for PBXNativeTarget "RentBi" */ = {
			isa = XCConfigurationList;
			buildConfigurations = (
				7FA977031EFE44CC00DF2778 /* Debug */,
				7FA977041EFE44CC00DF2778 /* Release */,
			);
			defaultConfigurationIsVisible = 0;
		};
		7FA977051EFE44CC00DF2778 /* Build configuration list for PBXNativeTarget "RentBiTests" */ = {
			isa = XCConfigurationList;
			buildConfigurations = (
				7FA977061EFE44CC00DF2778 /* Debug */,
				7FA977071EFE44CC00DF2778 /* Release */,
			);
			defaultConfigurationIsVisible = 0;
		};
		7FA977081EFE44CC00DF2778 /* Build configuration list for PBXNativeTarget "RentBiUITests" */ = {
			isa = XCConfigurationList;
			buildConfigurations = (
				7FA977091EFE44CC00DF2778 /* Debug */,
				7FA9770A1EFE44CC00DF2778 /* Release */,
			);
			defaultConfigurationIsVisible = 0;
		};
/* End XCConfigurationList section */
	};
	rootObject = 7FA976D21EFE44CB00DF2778 /* Project object */;
}
