PODS:
  - GoogleMaps (2.3.1):
    - GoogleMaps/Maps (= 2.3.1)
  - GoogleMaps/Base (2.3.1)
  - GoogleMaps/Maps (2.3.1):
    - GoogleMaps/Base
  - GooglePlaces (2.3.1):
    - GoogleMaps/Base (= 2.3.1)
  - LiquidFloatingActionButton (2.0.0)
  - SnapKit (3.2.0)

DEPENDENCIES:
  - GoogleMaps
  - GooglePlaces
  - LiquidFloatingActionButton (from `https://github.com/yoavlt/LiquidFloatingActionButton.git`)
  - SnapKit (~> 3.2.0)

EXTERNAL SOURCES:
  LiquidFloatingActionButton:
    :git: https://github.com/yoavlt/LiquidFloatingActionButton.git

CHECKOUT OPTIONS:
  LiquidFloatingActionButton:
    :commit: 5fecfa1de61e64f2f3a521a82981dd0bad2c5904
    :git: https://github.com/yoavlt/LiquidFloatingActionButton.git

SPEC CHECKSUMS:
  GoogleMaps: c66a71058b9b1294bcdd5463a68e357fa50c079f
  GooglePlaces: 4a7b22debfa1af65017b82943431822607e45201
  LiquidFloatingActionButton: 61496c787627103ccb3a23d4dea71faef4a84d4d
  SnapKit: 1ca44df72cfa543218d177cb8aab029d10d86ea7

PODFILE CHECKSUM: 75f616e77b68c9ac70484dd992ad8156302d2f9e

COCOAPODS: 1.2.0
