PODS:
  - GoogleMaps (2.3.1):
    - GoogleMaps/Maps (= 2.3.1)
  - GoogleMaps/Base (2.3.1)
  - GoogleMaps/Maps (2.3.1):
    - GoogleMaps/Base
  - GooglePlaces (2.3.1):
    - GoogleMaps/Base (= 2.3.1)
  - LiquidFloatingActionButton (2.0.0)
  - Material (2.6.3):
    - Material/Core (= 2.6.3)
  - Material/Core (2.6.3)
  - Pulley (1.4)
  - SnapKit (3.2.0)
  - SwiftIconFont (2.6.0)

DEPENDENCIES:
  - GoogleMaps
  - GooglePlaces
  - LiquidFloatingActionButton (from `https://github.com/yoavlt/LiquidFloatingActionButton.git`)
  - Material (~> 2.0)
  - Pulley
  - SnapKit (~> 3.2.0)
  - SwiftIconFont

EXTERNAL SOURCES:
  LiquidFloatingActionButton:
    :git: https://github.com/yoavlt/LiquidFloatingActionButton.git

CHECKOUT OPTIONS:
  LiquidFloatingActionButton:
    :commit: 5fecfa1de61e64f2f3a521a82981dd0bad2c5904
    :git: https://github.com/yoavlt/LiquidFloatingActionButton.git

SPEC CHECKSUMS:
  GoogleMaps: c66a71058b9b1294bcdd5463a68e357fa50c079f
  GooglePlaces: 4a7b22debfa1af65017b82943431822607e45201
  LiquidFloatingActionButton: 61496c787627103ccb3a23d4dea71faef4a84d4d
  Material: af607a7ec0e9978ef85cf189a3d8ceeeb650400f
  Pulley: 3d47a5ca819b8f35a63e9a4811d35035d484d1d9
  SnapKit: 1ca44df72cfa543218d177cb8aab029d10d86ea7
  SwiftIconFont: bbe1f32e1e16bac87dad8566afc80132cb8d072c

PODFILE CHECKSUM: 971696e60d9a6c61ae9d0da01f657cd06c92d83f

COCOAPODS: 1.2.1
